// !$*UTF8*$!
{
	archiveVersion = 1;
	classes = {
	};
	objectVersion = 46;
	objects = {

/* Begin PBXBuildFile section */
		3F58CDBE199D25EA0019DB3B /* AppDelegate.swift in Sources */ = {isa = PBXBuildFile; fileRef = 3F58CDBD199D25EA0019DB3B /* AppDelegate.swift */; };
		3F58CDC0199D25EA0019DB3B /* ViewController.swift in Sources */ = {isa = PBXBuildFile; fileRef = 3F58CDBF199D25EA0019DB3B /* ViewController.swift */; };
		3F58CDC3199D25EA0019DB3B /* Main.storyboard in Resources */ = {isa = PBXBuildFile; fileRef = 3F58CDC1199D25EA0019DB3B /* Main.storyboard */; };
		3F58CDC5199D25EA0019DB3B /* Images.xcassets in Resources */ = {isa = PBXBuildFile; fileRef = 3F58CDC4199D25EA0019DB3B /* Images.xcassets */; };
		3F58CDD1199D25EA0019DB3B /* Pluto_tutorial1Tests.swift in Sources */ = {isa = PBXBuildFile; fileRef = 3F58CDD0199D25EA0019DB3B /* Pluto_tutorial1Tests.swift */; };
/* End PBXBuildFile section */

/* Begin PBXContainerItemProxy section */
		3F58CDCB199D25EA0019DB3B /* PBXContainerItemProxy */ = {
			isa = PBXContainerItemProxy;
			containerPortal = 3F58CDB0199D25EA0019DB3B /* Project object */;
			proxyType = 1;
			remoteGlobalIDString = 3F58CDB7199D25EA0019DB3B;
			remoteInfo = "Pluto-tutorial1";
		};
/* End PBXContainerItemProxy section */

/* Begin PBXFileReference section */
		3F58CDB8199D25EA0019DB3B /* Pluto-tutorial1.app */ = {isa = PBXFileReference; explicitFileType = wrapper.application; includeInIndex = 0; path = "Pluto-tutorial1.app"; sourceTree = BUILT_PRODUCTS_DIR; };
		3F58CDBC199D25EA0019DB3B /* Info.plist */ = {isa = PBXFileReference; lastKnownFileType = text.plist.xml; path = Info.plist; sourceTree = "<group>"; };
		3F58CDBD199D25EA0019DB3B /* AppDelegate.swift */ = {isa = PBXFileReference; lastKnownFileType = sourcecode.swift; path = AppDelegate.swift; sourceTree = "<group>"; };
		3F58CDBF199D25EA0019DB3B /* ViewController.swift */ = {isa = PBXFileReference; lastKnownFileType = sourcecode.swift; path = ViewController.swift; sourceTree = "<group>"; };
		3F58CDC2199D25EA0019DB3B /* Base */ = {isa = PBXFileReference; lastKnownFileType = file.storyboard; name = Base; path = Base.lproj/Main.storyboard; sourceTree = "<group>"; };
		3F58CDC4199D25EA0019DB3B /* Images.xcassets */ = {isa = PBXFileReference; lastKnownFileType = folder.assetcatalog; path = Images.xcassets; sourceTree = "<group>"; };
		3F58CDCA199D25EA0019DB3B /* Pluto-tutorial1Tests.xctest */ = {isa = PBXFileReference; explicitFileType = wrapper.cfbundle; includeInIndex = 0; path = "Pluto-tutorial1Tests.xctest"; sourceTree = BUILT_PRODUCTS_DIR; };
		3F58CDCF199D25EA0019DB3B /* Info.plist */ = {isa = PBXFileReference; lastKnownFileType = text.plist.xml; path = Info.plist; sourceTree = "<group>"; };
		3F58CDD0199D25EA0019DB3B /* Pluto_tutorial1Tests.swift */ = {isa = PBXFileReference; lastKnownFileType = sourcecode.swift; path = Pluto_tutorial1Tests.swift; sourceTree = "<group>"; };
/* End PBXFileReference section */

/* Begin PBXFrameworksBuildPhase section */
		3F58CDB5199D25EA0019DB3B /* Frameworks */ = {
			isa = PBXFrameworksBuildPhase;
			buildActionMask = 2147483647;
			files = (
			);
			runOnlyForDeploymentPostprocessing = 0;
		};
		3F58CDC7199D25EA0019DB3B /* Frameworks */ = {
			isa = PBXFrameworksBuildPhase;
			buildActionMask = 2147483647;
			files = (
			);
			runOnlyForDeploymentPostprocessing = 0;
		};
/* End PBXFrameworksBuildPhase section */

/* Begin PBXGroup section */
		3F58CDAF199D25EA0019DB3B = {
			isa = PBXGroup;
			children = (
				3F58CDBA199D25EA0019DB3B /* Pluto-tutorial1 */,
				3F58CDCD199D25EA0019DB3B /* Pluto-tutorial1Tests */,
				3F58CDB9199D25EA0019DB3B /* Products */,
			);
			sourceTree = "<group>";
		};
		3F58CDB9199D25EA0019DB3B /* Products */ = {
			isa = PBXGroup;
			children = (
				3F58CDB8199D25EA0019DB3B /* Pluto-tutorial1.app */,
				3F58CDCA199D25EA0019DB3B /* Pluto-tutorial1Tests.xctest */,
			);
			name = Products;
			sourceTree = "<group>";
		};
		3F58CDBA199D25EA0019DB3B /* Pluto-tutorial1 */ = {
			isa = PBXGroup;
			children = (
				3F58CDBD199D25EA0019DB3B /* AppDelegate.swift */,
				3F58CDBF199D25EA0019DB3B /* ViewController.swift */,
				3F58CDC1199D25EA0019DB3B /* Main.storyboard */,
				3F58CDC4199D25EA0019DB3B /* Images.xcassets */,
				3F58CDBB199D25EA0019DB3B /* Supporting Files */,
			);
			path = "Pluto-tutorial1";
			sourceTree = "<group>";
		};
		3F58CDBB199D25EA0019DB3B /* Supporting Files */ = {
			isa = PBXGroup;
			children = (
				3F58CDBC199D25EA0019DB3B /* Info.plist */,
			);
			name = "Supporting Files";
			sourceTree = "<group>";
		};
		3F58CDCD199D25EA0019DB3B /* Pluto-tutorial1Tests */ = {
			isa = PBXGroup;
			children = (
				3F58CDD0199D25EA0019DB3B /* Pluto_tutorial1Tests.swift */,
				3F58CDCE199D25EA0019DB3B /* Supporting Files */,
			);
			path = "Pluto-tutorial1Tests";
			sourceTree = "<group>";
		};
		3F58CDCE199D25EA0019DB3B /* Supporting Files */ = {
			isa = PBXGroup;
			children = (
				3F58CDCF199D25EA0019DB3B /* Info.plist */,
			);
			name = "Supporting Files";
			sourceTree = "<group>";
		};
/* End PBXGroup section */

/* Begin PBXNativeTarget section */
		3F58CDB7199D25EA0019DB3B /* Pluto-tutorial1 */ = {
			isa = PBXNativeTarget;
			buildConfigurationList = 3F58CDD4199D25EA0019DB3B /* Build configuration list for PBXNativeTarget "Pluto-tutorial1" */;
			buildPhases = (
				3F58CDB4199D25EA0019DB3B /* Sources */,
				3F58CDB5199D25EA0019DB3B /* Frameworks */,
				3F58CDB6199D25EA0019DB3B /* Resources */,
			);
			buildRules = (
			);
			dependencies = (
			);
			name = "Pluto-tutorial1";
			productName = "Pluto-tutorial1";
			productReference = 3F58CDB8199D25EA0019DB3B /* Pluto-tutorial1.app */;
			productType = "com.apple.product-type.application";
		};
		3F58CDC9199D25EA0019DB3B /* Pluto-tutorial1Tests */ = {
			isa = PBXNativeTarget;
			buildConfigurationList = 3F58CDD7199D25EA0019DB3B /* Build configuration list for PBXNativeTarget "Pluto-tutorial1Tests" */;
			buildPhases = (
				3F58CDC6199D25EA0019DB3B /* Sources */,
				3F58CDC7199D25EA0019DB3B /* Frameworks */,
				3F58CDC8199D25EA0019DB3B /* Resources */,
			);
			buildRules = (
			);
			dependencies = (
				3F58CDCC199D25EA0019DB3B /* PBXTargetDependency */,
			);
			name = "Pluto-tutorial1Tests";
			productName = "Pluto-tutorial1Tests";
			productReference = 3F58CDCA199D25EA0019DB3B /* Pluto-tutorial1Tests.xctest */;
			productType = "com.apple.product-type.bundle.unit-test";
		};
/* End PBXNativeTarget section */

/* Begin PBXProject section */
		3F58CDB0199D25EA0019DB3B /* Project object */ = {
			isa = PBXProject;
			attributes = {
				LastUpgradeCheck = 0600;
				ORGANIZATIONNAME = "Redshift Dev Group";
				TargetAttributes = {
					3F58CDB7199D25EA0019DB3B = {
						CreatedOnToolsVersion = 6.0;
					};
					3F58CDC9199D25EA0019DB3B = {
						CreatedOnToolsVersion = 6.0;
						TestTargetID = 3F58CDB7199D25EA0019DB3B;
					};
				};
			};
			buildConfigurationList = 3F58CDB3199D25EA0019DB3B /* Build configuration list for PBXProject "Pluto-tutorial1" */;
			compatibilityVersion = "Xcode 3.2";
			developmentRegion = English;
			hasScannedForEncodings = 0;
			knownRegions = (
				en,
				Base,
			);
			mainGroup = 3F58CDAF199D25EA0019DB3B;
			productRefGroup = 3F58CDB9199D25EA0019DB3B /* Products */;
			projectDirPath = "";
			projectRoot = "";
			targets = (
				3F58CDB7199D25EA0019DB3B /* Pluto-tutorial1 */,
				3F58CDC9199D25EA0019DB3B /* Pluto-tutorial1Tests */,
			);
		};
/* End PBXProject section */

/* Begin PBXResourcesBuildPhase section */
		3F58CDB6199D25EA0019DB3B /* Resources */ = {
			isa = PBXResourcesBuildPhase;
			buildActionMask = 2147483647;
			files = (
				3F58CDC3199D25EA0019DB3B /* Main.storyboard in Resources */,
				3F58CDC5199D25EA0019DB3B /* Images.xcassets in Resources */,
			);
			runOnlyForDeploymentPostprocessing = 0;
		};
		3F58CDC8199D25EA0019DB3B /* Resources */ = {
			isa = PBXResourcesBuildPhase;
			buildActionMask = 2147483647;
			files = (
			);
			runOnlyForDeploymentPostprocessing = 0;
		};
/* End PBXResourcesBuildPhase section */

/* Begin PBXSourcesBuildPhase section */
		3F58CDB4199D25EA0019DB3B /* Sources */ = {
			isa = PBXSourcesBuildPhase;
			buildActionMask = 2147483647;
			files = (
				3F58CDC0199D25EA0019DB3B /* ViewController.swift in Sources */,
				3F58CDBE199D25EA0019DB3B /* AppDelegate.swift in Sources */,
			);
			runOnlyForDeploymentPostprocessing = 0;
		};
		3F58CDC6199D25EA0019DB3B /* Sources */ = {
			isa = PBXSourcesBuildPhase;
			buildActionMask = 2147483647;
			files = (
				3F58CDD1199D25EA0019DB3B /* Pluto_tutorial1Tests.swift in Sources */,
			);
			runOnlyForDeploymentPostprocessing = 0;
		};
/* End PBXSourcesBuildPhase section */

/* Begin PBXTargetDependency section */
		3F58CDCC199D25EA0019DB3B /* PBXTargetDependency */ = {
			isa = PBXTargetDependency;
			target = 3F58CDB7199D25EA0019DB3B /* Pluto-tutorial1 */;
			targetProxy = 3F58CDCB199D25EA0019DB3B /* PBXContainerItemProxy */;
		};
/* End PBXTargetDependency section */

/* Begin PBXVariantGroup section */
		3F58CDC1199D25EA0019DB3B /* Main.storyboard */ = {
			isa = PBXVariantGroup;
			children = (
				3F58CDC2199D25EA0019DB3B /* Base */,
			);
			name = Main.storyboard;
			sourceTree = "<group>";
		};
/* End PBXVariantGroup section */

/* Begin XCBuildConfiguration section */
		3F58CDD2199D25EA0019DB3B /* Debug */ = {
			isa = XCBuildConfiguration;
			buildSettings = {
				ALWAYS_SEARCH_USER_PATHS = NO;
				CLANG_CXX_LANGUAGE_STANDARD = "gnu++0x";
				CLANG_CXX_LIBRARY = "libc++";
				CLANG_ENABLE_MODULES = YES;
				CLANG_ENABLE_OBJC_ARC = YES;
				CLANG_WARN_BOOL_CONVERSION = YES;
				CLANG_WARN_CONSTANT_CONVERSION = YES;
				CLANG_WARN_DIRECT_OBJC_ISA_USAGE = YES_ERROR;
				CLANG_WARN_EMPTY_BODY = YES;
				CLANG_WARN_ENUM_CONVERSION = YES;
				CLANG_WARN_INT_CONVERSION = YES;
				CLANG_WARN_OBJC_ROOT_CLASS = YES_ERROR;
				CLANG_WARN_UNREACHABLE_CODE = YES;
				CLANG_WARN__DUPLICATE_METHOD_MATCH = YES;
				"CODE_SIGN_IDENTITY[sdk=iphoneos*]" = "iPhone Developer";
				COPY_PHASE_STRIP = NO;
				ENABLE_STRICT_OBJC_MSGSEND = YES;
				GCC_C_LANGUAGE_STANDARD = gnu99;
				GCC_DYNAMIC_NO_PIC = NO;
				GCC_OPTIMIZATION_LEVEL = 0;
				GCC_PREPROCESSOR_DEFINITIONS = (
					"DEBUG=1",
					"$(inherited)",
				);
				GCC_SYMBOLS_PRIVATE_EXTERN = NO;
				GCC_WARN_64_TO_32_BIT_CONVERSION = YES;
				GCC_WARN_ABOUT_RETURN_TYPE = YES_ERROR;
				GCC_WARN_UNDECLARED_SELECTOR = YES;
				GCC_WARN_UNINITIALIZED_AUTOS = YES_AGGRESSIVE;
				GCC_WARN_UNUSED_FUNCTION = YES;
				GCC_WARN_UNUSED_VARIABLE = YES;
				IPHONEOS_DEPLOYMENT_TARGET = 8.0;
				MTL_ENABLE_DEBUG_INFO = YES;
				ONLY_ACTIVE_ARCH = YES;
				SDKROOT = iphoneos;
				SWIFT_OPTIMIZATION_LEVEL = "-Onone";
				TARGETED_DEVICE_FAMILY = "1,2";
			};
			name = Debug;
		};
		3F58CDD3199D25EA0019DB3B /* Release */ = {
			isa = XCBuildConfiguration;
			buildSettings = {
				ALWAYS_SEARCH_USER_PATHS = NO;
				CLANG_CXX_LANGUAGE_STANDARD = "gnu++0x";
				CLANG_CXX_LIBRARY = "libc++";
				CLANG_ENABLE_MODULES = YES;
				CLANG_ENABLE_OBJC_ARC = YES;
				CLANG_WARN_BOOL_CONVERSION = YES;
				CLANG_WARN_CONSTANT_CONVERSION = YES;
				CLANG_WARN_DIRECT_OBJC_ISA_USAGE = YES_ERROR;
				CLANG_WARN_EMPTY_BODY = YES;
				CLANG_WARN_ENUM_CONVERSION = YES;
				CLANG_WARN_INT_CONVERSION = YES;
				CLANG_WARN_OBJC_ROOT_CLASS = YES_ERROR;
				CLANG_WARN_UNREACHABLE_CODE = YES;
				CLANG_WARN__DUPLICATE_METHOD_MATCH = YES;
				"CODE_SIGN_IDENTITY[sdk=iphoneos*]" = "iPhone Developer";
				COPY_PHASE_STRIP = YES;
				ENABLE_NS_ASSERTIONS = NO;
				ENABLE_STRICT_OBJC_MSGSEND = YES;
				GCC_C_LANGUAGE_STANDARD = gnu99;
				GCC_WARN_64_TO_32_BIT_CONVERSION = YES;
				GCC_WARN_ABOUT_RETURN_TYPE = YES_ERROR;
				GCC_WARN_UNDECLARED_SELECTOR = YES;
				GCC_WARN_UNINITIALIZED_AUTOS = YES_AGGRESSIVE;
				GCC_WARN_UNUSED_FUNCTION = YES;
				GCC_WARN_UNUSED_VARIABLE = YES;
				IPHONEOS_DEPLOYMENT_TARGET = 8.0;
				MTL_ENABLE_DEBUG_INFO = NO;
				SDKROOT = iphoneos;
				TARGETED_DEVICE_FAMILY = "1,2";
				VALIDATE_PRODUCT = YES;
			};
			name = Release;
		};
		3F58CDD5199D25EA0019DB3B /* Debug */ = {
			isa = XCBuildConfiguration;
			buildSettings = {
				ASSETCATALOG_COMPILER_APPICON_NAME = AppIcon;
				ASSETCATALOG_COMPILER_LAUNCHIMAGE_NAME = LaunchImage;
				INFOPLIST_FILE = "Pluto-tutorial1/Info.plist";
				LD_RUNPATH_SEARCH_PATHS = "$(inherited) @executable_path/Frameworks";
				PRODUCT_NAME = "$(TARGET_NAME)";
			};
			name = Debug;
		};
		3F58CDD6199D25EA0019DB3B /* Release */ = {
			isa = XCBuildConfiguration;
			buildSettings = {
				ASSETCATALOG_COMPILER_APPICON_NAME = AppIcon;
				ASSETCATALOG_COMPILER_LAUNCHIMAGE_NAME = LaunchImage;
				INFOPLIST_FILE = "Pluto-tutorial1/Info.plist";
				LD_RUNPATH_SEARCH_PATHS = "$(inherited) @executable_path/Frameworks";
				PRODUCT_NAME = "$(TARGET_NAME)";
			};
			name = Release;
		};
		3F58CDD8199D25EA0019DB3B /* Debug */ = {
			isa = XCBuildConfiguration;
			buildSettings = {
				BUNDLE_LOADER = "$(BUILT_PRODUCTS_DIR)/Pluto-tutorial1.app/Pluto-tutorial1";
				FRAMEWORK_SEARCH_PATHS = (
					"$(SDKROOT)/Developer/Library/Frameworks",
					"$(inherited)",
				);
				GCC_PREPROCESSOR_DEFINITIONS = (
					"DEBUG=1",
					"$(inherited)",
				);
				INFOPLIST_FILE = "Pluto-tutorial1Tests/Info.plist";
				LD_RUNPATH_SEARCH_PATHS = "$(inherited) @executable_path/Frameworks @loader_path/Frameworks";
				PRODUCT_NAME = "$(TARGET_NAME)";
				TEST_HOST = "$(BUNDLE_LOADER)";
			};
			name = Debug;
		};
		3F58CDD9199D25EA0019DB3B /* Release */ = {
			isa = XCBuildConfiguration;
			buildSettings = {
				BUNDLE_LOADER = "$(BUILT_PRODUCTS_DIR)/Pluto-tutorial1.app/Pluto-tutorial1";
				FRAMEWORK_SEARCH_PATHS = (
					"$(SDKROOT)/Developer/Library/Frameworks",
					"$(inherited)",
				);
				INFOPLIST_FILE = "Pluto-tutorial1Tests/Info.plist";
				LD_RUNPATH_SEARCH_PATHS = "$(inherited) @executable_path/Frameworks @loader_path/Frameworks";
				PRODUCT_NAME = "$(TARGET_NAME)";
				TEST_HOST = "$(BUNDLE_LOADER)";
			};
			name = Release;
		};
/* End XCBuildConfiguration section */

/* Begin XCConfigurationList section */
		3F58CDB3199D25EA0019DB3B /* Build configuration list for PBXProject "Pluto-tutorial1" */ = {
			isa = XCConfigurationList;
			buildConfigurations = (
				3F58CDD2199D25EA0019DB3B /* Debug */,
				3F58CDD3199D25EA0019DB3B /* Release */,
			);
			defaultConfigurationIsVisible = 0;
			defaultConfigurationName = Release;
		};
		3F58CDD4199D25EA0019DB3B /* Build configuration list for PBXNativeTarget "Pluto-tutorial1" */ = {
			isa = XCConfigurationList;
			buildConfigurations = (
				3F58CDD5199D25EA0019DB3B /* Debug */,
				3F58CDD6199D25EA0019DB3B /* Release */,
			);
			defaultConfigurationIsVisible = 0;
		};
		3F58CDD7199D25EA0019DB3B /* Build configuration list for PBXNativeTarget "Pluto-tutorial1Tests" */ = {
			isa = XCConfigurationList;
			buildConfigurations = (
				3F58CDD8199D25EA0019DB3B /* Debug */,
				3F58CDD9199D25EA0019DB3B /* Release */,
			);
			defaultConfigurationIsVisible = 0;
		};
/* End XCConfigurationList section */
	};
	rootObject = 3F58CDB0199D25EA0019DB3B /* Project object */;
}
